# THIS IS AN AUTOGENERATED FILE. DO NOT EDIT THIS FILE DIRECTLY.
# yarn lockfile v1


form-urlencoded@1.2.0:
  version "1.2.0"
  resolved "https://registry.yarnpkg.com/form-urlencoded/-/form-urlencoded-1.2.0.tgz#16ce2cafa76d2e48b9e513ab723228aea5993396"

lodash.get@4.4.2:
  version "4.4.2"
  resolved "https://registry.yarnpkg.com/lodash.get/-/lodash.get-4.4.2.tgz#2d177f652fa31e939b4438d5341499dfa3825e99"

querystring@0.2.0:
  version "0.2.0"
  resolved "https://registry.yarnpkg.com/querystring/-/querystring-0.2.0.tgz#b209849203bb25df820da756e747005878521620"

querystringify@~1.0.0:
  version "1.0.0"
  resolved "https://registry.yarnpkg.com/querystringify/-/querystringify-1.0.0.tgz#6286242112c5b712fa654e526652bf6a13ff05cb"

requires-port@~1.0.0:
  version "1.0.0"
  resolved "https://registry.yarnpkg.com/requires-port/-/requires-port-1.0.0.tgz#925d2601d39ac485e091cf0da5c6e694dc3dcaff"

unsplash-js@^4.8.0:
  version "4.8.0"
  resolved "https://registry.yarnpkg.com/unsplash-js/-/unsplash-js-4.8.0.tgz#8a5a8ccbdf39410ffb9fdd5f04ed2651ea644349"
  dependencies:
    form-urlencoded "1.2.0"
    lodash.get "4.4.2"
    querystring "0.2.0"
    url-parse "1.2.0"

url-parse@1.2.0:
  version "1.2.0"
  resolved "https://registry.yarnpkg.com/url-parse/-/url-parse-1.2.0.tgz#3a19e8aaa6d023ddd27dcc44cb4fc8f7fec23986"
  dependencies:
    querystringify "~1.0.0"
    requires-port "~1.0.0"
